
Microsoft Visual Studio Solution File, Format Version 11.00
# Visual Studio 2010
Project("{FAE04EC0-301F-11D3-BF4B-00C04F79EFBC}") = "MyTangoApp", "Assembly-CSharp.csproj", "{774A3C8F-D5DC-EBE2-3C45-4D1268E097CE}"
EndProject
Project("{FAE04EC0-301F-11D3-BF4B-00C04F79EFBC}") = "MyTangoApp", "Assembly-CSharp-Editor.csproj", "{C2D10D4F-8D29-C611-7365-908CBABDC064}"
EndProject
Global
	GlobalSection(SolutionConfigurationPlatforms) = preSolution
		Debug|Any CPU = Debug|Any CPU
		Release|Any CPU = Release|Any CPU
	EndGlobalSection
	GlobalSection(ProjectConfigurationPlatforms) = postSolution
		{774A3C8F-D5DC-EBE2-3C45-4D1268E097CE}.Debug|Any CPU.ActiveCfg = Debug|Any CPU
		{774A3C8F-D5DC-EBE2-3C45-4D1268E097CE}.Debug|Any CPU.Build.0 = Debug|Any CPU
		{774A3C8F-D5DC-EBE2-3C45-4D1268E097CE}.Release|Any CPU.ActiveCfg = Release|Any CPU
		{774A3C8F-D5DC-EBE2-3C45-4D1268E097CE}.Release|Any CPU.Build.0 = Release|Any CPU
		{C2D10D4F-8D29-C611-7365-908CBABDC064}.Debug|Any CPU.ActiveCfg = Debug|Any CPU
		{C2D10D4F-8D29-C611-7365-908CBABDC064}.Debug|Any CPU.Build.0 = Debug|Any CPU
		{C2D10D4F-8D29-C611-7365-908CBABDC064}.Release|Any CPU.ActiveCfg = Release|Any CPU
		{C2D10D4F-8D29-C611-7365-908CBABDC064}.Release|Any CPU.Build.0 = Release|Any CPU
	EndGlobalSection
	GlobalSection(SolutionProperties) = preSolution
		HideSolutionNode = FALSE
	EndGlobalSection
	GlobalSection(MonoDevelopProperties) = preSolution
		StartupItem = Assembly-CSharp.csproj
	EndGlobalSection
EndGlobal
